// !$*UTF8*$!
{
	archiveVersion = 1;
	classes = {
	};
	objectVersion = 48;
	objects = {

/* Begin PBXBuildFile section */
		BA12E9F826DF1DB400602771 /* libSDL2.a in Frameworks */ = {isa = PBXBuildFile; fileRef = BA12E9F626DF1DB400602771 /* libSDL2.a */; };
		BA12E9F926DF1DB400602771 /* libSDLmain.a in Frameworks */ = {isa = PBXBuildFile; fileRef = BA12E9F726DF1DB400602771 /* libSDLmain.a */; };
		BA404AD926E1F21000B2F4E2 /* main.cpp in Sources */ = {isa = PBXBuildFile; fileRef = BA4F294926B28FAC003065CF /* main.cpp */; };
		BA404ADB26E1F33600B2F4E2 /* libphysfs.a in Frameworks */ = {isa = PBXBuildFile; fileRef = BA404ADA26E1F33600B2F4E2 /* libphysfs.a */; };
		BA404ADD26E1F34100B2F4E2 /* SDL2.framework in Frameworks */ = {isa = PBXBuildFile; fileRef = BA404ADC26E1F34100B2F4E2 /* SDL2.framework */; };
		BA404ADF26E1F36B00B2F4E2 /* CoreFoundation.framework in Frameworks */ = {isa = PBXBuildFile; fileRef = BA404ADE26E1F36B00B2F4E2 /* CoreFoundation.framework */; };
		BA404AE126E1F38600B2F4E2 /* IOKit.framework in Frameworks */ = {isa = PBXBuildFile; fileRef = BA404AE026E1F38600B2F4E2 /* IOKit.framework */; };
		BA404AE326E1F3A400B2F4E2 /* Foundation.framework in Frameworks */ = {isa = PBXBuildFile; fileRef = BA404AE226E1F3A400B2F4E2 /* Foundation.framework */; };
		BA404AE526E1F49F00B2F4E2 /* SDL2.framework in CopyFiles */ = {isa = PBXBuildFile; fileRef = BA404ADC26E1F34100B2F4E2 /* SDL2.framework */; settings = {ATTRIBUTES = (CodeSignOnCopy, RemoveHeadersOnCopy, ); }; };
		BA404AEB26E1F5EA00B2F4E2 /* test.txt in CopyFiles */ = {isa = PBXBuildFile; fileRef = BA5BDBFB26C60BBE00514EDA /* test.txt */; };
		BA404AEE26E1F9F000B2F4E2 /* Assets.xcassets in Resources */ = {isa = PBXBuildFile; fileRef = BA7D239426B2B78200F9AF77 /* Assets.xcassets */; };
		BA4AD10626B285120060B459 /* UIKit.framework in Frameworks */ = {isa = PBXBuildFile; fileRef = BA4AD10526B285120060B459 /* UIKit.framework */; };
		BA4AD10826B285160060B459 /* Foundation.framework in Frameworks */ = {isa = PBXBuildFile; fileRef = BA4AD10726B285160060B459 /* Foundation.framework */; };
		BA4AD10A26B2851D0060B459 /* AudioToolbox.framework in Frameworks */ = {isa = PBXBuildFile; fileRef = BA4AD10926B2851D0060B459 /* AudioToolbox.framework */; };
		BA4AD10C26B285200060B459 /* AVFAudio.framework in Frameworks */ = {isa = PBXBuildFile; fileRef = BA4AD10B26B285200060B459 /* AVFAudio.framework */; };
		BA4AD11026B285350060B459 /* QuartzCore.framework in Frameworks */ = {isa = PBXBuildFile; fileRef = BA4AD10F26B285350060B459 /* QuartzCore.framework */; };
		BA4AD11226B285460060B459 /* GameController.framework in Frameworks */ = {isa = PBXBuildFile; fileRef = BA4AD11126B285460060B459 /* GameController.framework */; };
		BA4AD11426B2854E0060B459 /* CoreHaptics.framework in Frameworks */ = {isa = PBXBuildFile; fileRef = BA4AD11326B2854E0060B459 /* CoreHaptics.framework */; };
		BA4AD11626B285550060B459 /* CoreMotion.framework in Frameworks */ = {isa = PBXBuildFile; fileRef = BA4AD11526B285550060B459 /* CoreMotion.framework */; };
		BA4AD11826B285650060B459 /* CoreGraphics.framework in Frameworks */ = {isa = PBXBuildFile; fileRef = BA4AD11726B285650060B459 /* CoreGraphics.framework */; };
		BA4F292826B28BE5003065CF /* Metal.framework in Frameworks */ = {isa = PBXBuildFile; fileRef = BA4F292726B28BE5003065CF /* Metal.framework */; };
		BA4F294C26B28FAC003065CF /* main.cpp in Sources */ = {isa = PBXBuildFile; fileRef = BA4F294926B28FAC003065CF /* main.cpp */; };
		BA5BDBF526C6041200514EDA /* libphysfs.a in Frameworks */ = {isa = PBXBuildFile; fileRef = BA5BDBF426C6041200514EDA /* libphysfs.a */; };
		BA5BDBFC26C60BBE00514EDA /* test.txt in CopyFiles */ = {isa = PBXBuildFile; fileRef = BA5BDBFB26C60BBE00514EDA /* test.txt */; };
		BA5BDC0D26C60CB700514EDA /* Assets.xcassets in Resources */ = {isa = PBXBuildFile; fileRef = BA7D239426B2B78200F9AF77 /* Assets.xcassets */; };
		BA95276326DD9CB1008B5C1A /* OpenGLES.framework in Frameworks */ = {isa = PBXBuildFile; fileRef = BA4AD10D26B285250060B459 /* OpenGLES.framework */; };
/* End PBXBuildFile section */

/* Begin PBXCopyFilesBuildPhase section */
		BA404AE426E1F49500B2F4E2 /* CopyFiles */ = {
			isa = PBXCopyFilesBuildPhase;
			buildActionMask = 2147483647;
			dstPath = "";
			dstSubfolderSpec = 10;
			files = (
				BA404AE526E1F49F00B2F4E2 /* SDL2.framework in CopyFiles */,
			);
			runOnlyForDeploymentPostprocessing = 0;
		};
		BA404AE626E1F4CE00B2F4E2 /* CopyFiles */ = {
			isa = PBXCopyFilesBuildPhase;
			buildActionMask = 2147483647;
			dstPath = Assets;
			dstSubfolderSpec = 7;
			files = (
				BA404AEB26E1F5EA00B2F4E2 /* test.txt in CopyFiles */,
			);
			runOnlyForDeploymentPostprocessing = 0;
		};
		BA5BDBF626C6046500514EDA /* CopyFiles */ = {
			isa = PBXCopyFilesBuildPhase;
			buildActionMask = 12;
			dstPath = Assets;
			dstSubfolderSpec = 7;
			files = (
				BA5BDBFC26C60BBE00514EDA /* test.txt in CopyFiles */,
			);
			runOnlyForDeploymentPostprocessing = 0;
		};
/* End PBXCopyFilesBuildPhase section */

/* Begin PBXFileReference section */
		BA12E9F626DF1DB400602771 /* libSDL2.a */ = {isa = PBXFileReference; lastKnownFileType = archive.ar; name = libSDL2.a; path = deps/iOS/lib/libSDL2.a; sourceTree = "<group>"; };
		BA12E9F726DF1DB400602771 /* libSDLmain.a */ = {isa = PBXFileReference; lastKnownFileType = archive.ar; name = libSDLmain.a; path = deps/iOS/lib/libSDLmain.a; sourceTree = "<group>"; };
		BA404ACA26E1F1D400B2F4E2 /* Mac.app */ = {isa = PBXFileReference; explicitFileType = wrapper.application; includeInIndex = 0; path = Mac.app; sourceTree = BUILT_PRODUCTS_DIR; };
		BA404ADA26E1F33600B2F4E2 /* libphysfs.a */ = {isa = PBXFileReference; lastKnownFileType = archive.ar; name = libphysfs.a; path = deps/MacOS/lib/libphysfs.a; sourceTree = "<group>"; };
		BA404ADC26E1F34100B2F4E2 /* SDL2.framework */ = {isa = PBXFileReference; lastKnownFileType = wrapper.framework; name = SDL2.framework; path = deps/MacOS/Frameworks/SDL2.framework; sourceTree = "<group>"; };
		BA404ADE26E1F36B00B2F4E2 /* CoreFoundation.framework */ = {isa = PBXFileReference; lastKnownFileType = wrapper.framework; name = CoreFoundation.framework; path = Platforms/MacOSX.platform/Developer/SDKs/MacOSX12.0.sdk/System/Library/Frameworks/CoreFoundation.framework; sourceTree = DEVELOPER_DIR; };
		BA404AE026E1F38600B2F4E2 /* IOKit.framework */ = {isa = PBXFileReference; lastKnownFileType = wrapper.framework; name = IOKit.framework; path = Platforms/MacOSX.platform/Developer/SDKs/MacOSX12.0.sdk/System/Library/Frameworks/IOKit.framework; sourceTree = DEVELOPER_DIR; };
		BA404AE226E1F3A400B2F4E2 /* Foundation.framework */ = {isa = PBXFileReference; lastKnownFileType = wrapper.framework; name = Foundation.framework; path = Platforms/MacOSX.platform/Developer/SDKs/MacOSX12.0.sdk/System/Library/Frameworks/Foundation.framework; sourceTree = DEVELOPER_DIR; };
		BA4AD0E226B284440060B459 /* iOS.app */ = {isa = PBXFileReference; explicitFileType = wrapper.application; includeInIndex = 0; path = iOS.app; sourceTree = BUILT_PRODUCTS_DIR; };
		BA4AD10526B285120060B459 /* UIKit.framework */ = {isa = PBXFileReference; lastKnownFileType = wrapper.framework; name = UIKit.framework; path = System/Library/Frameworks/UIKit.framework; sourceTree = SDKROOT; };
		BA4AD10726B285160060B459 /* Foundation.framework */ = {isa = PBXFileReference; lastKnownFileType = wrapper.framework; name = Foundation.framework; path = System/Library/Frameworks/Foundation.framework; sourceTree = SDKROOT; };
		BA4AD10926B2851D0060B459 /* AudioToolbox.framework */ = {isa = PBXFileReference; lastKnownFileType = wrapper.framework; name = AudioToolbox.framework; path = System/Library/Frameworks/AudioToolbox.framework; sourceTree = SDKROOT; };
		BA4AD10B26B285200060B459 /* AVFAudio.framework */ = {isa = PBXFileReference; lastKnownFileType = wrapper.framework; name = AVFAudio.framework; path = System/Library/Frameworks/AVFAudio.framework; sourceTree = SDKROOT; };
		BA4AD10D26B285250060B459 /* OpenGLES.framework */ = {isa = PBXFileReference; lastKnownFileType = wrapper.framework; name = OpenGLES.framework; path = System/Library/Frameworks/OpenGLES.framework; sourceTree = SDKROOT; };
		BA4AD10F26B285350060B459 /* QuartzCore.framework */ = {isa = PBXFileReference; lastKnownFileType = wrapper.framework; name = QuartzCore.framework; path = System/Library/Frameworks/QuartzCore.framework; sourceTree = SDKROOT; };
		BA4AD11126B285460060B459 /* GameController.framework */ = {isa = PBXFileReference; lastKnownFileType = wrapper.framework; name = GameController.framework; path = System/Library/Frameworks/GameController.framework; sourceTree = SDKROOT; };
		BA4AD11326B2854E0060B459 /* CoreHaptics.framework */ = {isa = PBXFileReference; lastKnownFileType = wrapper.framework; name = CoreHaptics.framework; path = System/Library/Frameworks/CoreHaptics.framework; sourceTree = SDKROOT; };
		BA4AD11526B285550060B459 /* CoreMotion.framework */ = {isa = PBXFileReference; lastKnownFileType = wrapper.framework; name = CoreMotion.framework; path = System/Library/Frameworks/CoreMotion.framework; sourceTree = SDKROOT; };
		BA4AD11726B285650060B459 /* CoreGraphics.framework */ = {isa = PBXFileReference; lastKnownFileType = wrapper.framework; name = CoreGraphics.framework; path = System/Library/Frameworks/CoreGraphics.framework; sourceTree = SDKROOT; };
		BA4F292726B28BE5003065CF /* Metal.framework */ = {isa = PBXFileReference; lastKnownFileType = wrapper.framework; name = Metal.framework; path = System/Library/Frameworks/Metal.framework; sourceTree = SDKROOT; };
		BA4F294926B28FAC003065CF /* main.cpp */ = {isa = PBXFileReference; fileEncoding = 4; lastKnownFileType = sourcecode.cpp.cpp; path = main.cpp; sourceTree = "<group>"; };
		BA5BDBF426C6041200514EDA /* libphysfs.a */ = {isa = PBXFileReference; lastKnownFileType = archive.ar; name = libphysfs.a; path = deps/iOS/lib/libphysfs.a; sourceTree = "<group>"; };
		BA5BDBFB26C60BBE00514EDA /* test.txt */ = {isa = PBXFileReference; lastKnownFileType = text; name = test.txt; path = Assets/test.txt; sourceTree = "<group>"; };
		BA7D239426B2B78200F9AF77 /* Assets.xcassets */ = {isa = PBXFileReference; lastKnownFileType = folder.assetcatalog; name = Assets.xcassets; path = deps/iOS/Assets.xcassets; sourceTree = SOURCE_ROOT; };
		BA95275F26DD9B61008B5C1A /* platform_include.h */ = {isa = PBXFileReference; fileEncoding = 4; lastKnownFileType = sourcecode.c.h; path = platform_include.h; sourceTree = "<group>"; };
/* End PBXFileReference section */

/* Begin PBXFrameworksBuildPhase section */
		BA404AC726E1F1D400B2F4E2 /* Frameworks */ = {
			isa = PBXFrameworksBuildPhase;
			buildActionMask = 2147483647;
			files = (
				BA404AE326E1F3A400B2F4E2 /* Foundation.framework in Frameworks */,
				BA404AE126E1F38600B2F4E2 /* IOKit.framework in Frameworks */,
				BA404ADF26E1F36B00B2F4E2 /* CoreFoundation.framework in Frameworks */,
				BA404ADD26E1F34100B2F4E2 /* SDL2.framework in Frameworks */,
				BA404ADB26E1F33600B2F4E2 /* libphysfs.a in Frameworks */,
			);
			runOnlyForDeploymentPostprocessing = 0;
		};
		BA4AD0DF26B284440060B459 /* Frameworks */ = {
			isa = PBXFrameworksBuildPhase;
			buildActionMask = 2147483647;
			files = (
				BA12E9F826DF1DB400602771 /* libSDL2.a in Frameworks */,
				BA12E9F926DF1DB400602771 /* libSDLmain.a in Frameworks */,
				BA95276326DD9CB1008B5C1A /* OpenGLES.framework in Frameworks */,
				BA5BDBF526C6041200514EDA /* libphysfs.a in Frameworks */,
				BA4F292826B28BE5003065CF /* Metal.framework in Frameworks */,
				BA4AD11826B285650060B459 /* CoreGraphics.framework in Frameworks */,
				BA4AD11626B285550060B459 /* CoreMotion.framework in Frameworks */,
				BA4AD11426B2854E0060B459 /* CoreHaptics.framework in Frameworks */,
				BA4AD11226B285460060B459 /* GameController.framework in Frameworks */,
				BA4AD11026B285350060B459 /* QuartzCore.framework in Frameworks */,
				BA4AD10C26B285200060B459 /* AVFAudio.framework in Frameworks */,
				BA4AD10A26B2851D0060B459 /* AudioToolbox.framework in Frameworks */,
				BA4AD10826B285160060B459 /* Foundation.framework in Frameworks */,
				BA4AD10626B285120060B459 /* UIKit.framework in Frameworks */,
			);
			runOnlyForDeploymentPostprocessing = 0;
		};
/* End PBXFrameworksBuildPhase section */

/* Begin PBXGroup section */
		BA4AD0D926B284440060B459 = {
			isa = PBXGroup;
			children = (
				BA5BDBFB26C60BBE00514EDA /* test.txt */,
				BA4F294726B28FAC003065CF /* src */,
				BA4AD0E326B284440060B459 /* Products */,
				BA4AD10026B2849C0060B459 /* Frameworks */,
			);
			sourceTree = "<group>";
		};
		BA4AD0E326B284440060B459 /* Products */ = {
			isa = PBXGroup;
			children = (
				BA4AD0E226B284440060B459 /* iOS.app */,
				BA404ACA26E1F1D400B2F4E2 /* Mac.app */,
			);
			name = Products;
			sourceTree = "<group>";
		};
		BA4AD10026B2849C0060B459 /* Frameworks */ = {
			isa = PBXGroup;
			children = (
				BA404AE226E1F3A400B2F4E2 /* Foundation.framework */,
				BA404AE026E1F38600B2F4E2 /* IOKit.framework */,
				BA404ADE26E1F36B00B2F4E2 /* CoreFoundation.framework */,
				BA404ADC26E1F34100B2F4E2 /* SDL2.framework */,
				BA404ADA26E1F33600B2F4E2 /* libphysfs.a */,
				BA12E9F626DF1DB400602771 /* libSDL2.a */,
				BA12E9F726DF1DB400602771 /* libSDLmain.a */,
				BA5BDBF426C6041200514EDA /* libphysfs.a */,
				BA4F292726B28BE5003065CF /* Metal.framework */,
				BA4AD11726B285650060B459 /* CoreGraphics.framework */,
				BA4AD11526B285550060B459 /* CoreMotion.framework */,
				BA4AD11326B2854E0060B459 /* CoreHaptics.framework */,
				BA4AD11126B285460060B459 /* GameController.framework */,
				BA4AD10F26B285350060B459 /* QuartzCore.framework */,
				BA4AD10D26B285250060B459 /* OpenGLES.framework */,
				BA4AD10B26B285200060B459 /* AVFAudio.framework */,
				BA4AD10926B2851D0060B459 /* AudioToolbox.framework */,
				BA4AD10726B285160060B459 /* Foundation.framework */,
				BA4AD10526B285120060B459 /* UIKit.framework */,
			);
			name = Frameworks;
			sourceTree = "<group>";
		};
		BA4F294726B28FAC003065CF /* src */ = {
			isa = PBXGroup;
			children = (
				BA95275F26DD9B61008B5C1A /* platform_include.h */,
				BA7D239426B2B78200F9AF77 /* Assets.xcassets */,
				BA4F294926B28FAC003065CF /* main.cpp */,
			);
			path = src;
			sourceTree = "<group>";
		};
/* End PBXGroup section */

/* Begin PBXNativeTarget section */
		BA404AC926E1F1D400B2F4E2 /* Mac */ = {
			isa = PBXNativeTarget;
			buildConfigurationList = BA404AD826E1F1D500B2F4E2 /* Build configuration list for PBXNativeTarget "Mac" */;
			buildPhases = (
				BA404AC626E1F1D400B2F4E2 /* Sources */,
				BA404AC726E1F1D400B2F4E2 /* Frameworks */,
				BA404AC826E1F1D400B2F4E2 /* Resources */,
				BA404AE426E1F49500B2F4E2 /* CopyFiles */,
				BA404AE626E1F4CE00B2F4E2 /* CopyFiles */,
			);
			buildRules = (
			);
			dependencies = (
			);
			name = Mac;
			productName = Mac;
			productReference = BA404ACA26E1F1D400B2F4E2 /* Mac.app */;
			productType = "com.apple.product-type.application";
		};
		BA4AD0E126B284440060B459 /* iOS */ = {
			isa = PBXNativeTarget;
			buildConfigurationList = BA4AD0FB26B284450060B459 /* Build configuration list for PBXNativeTarget "iOS" */;
			buildPhases = (
				BA4AD0DE26B284440060B459 /* Sources */,
				BA4AD0DF26B284440060B459 /* Frameworks */,
				BA4AD0E026B284440060B459 /* Resources */,
				BA5BDBF626C6046500514EDA /* CopyFiles */,
			);
			buildRules = (
			);
			dependencies = (
			);
			name = iOS;
			productName = TestC;
			productReference = BA4AD0E226B284440060B459 /* iOS.app */;
			productType = "com.apple.product-type.application";
		};
/* End PBXNativeTarget section */

/* Begin PBXProject section */
		BA4AD0DA26B284440060B459 /* Project object */ = {
			isa = PBXProject;
			attributes = {
				LastUpgradeCheck = 1300;
				TargetAttributes = {
					BA404AC926E1F1D400B2F4E2 = {
						CreatedOnToolsVersion = 13.0;
						ProvisioningStyle = Automatic;
					};
					BA4AD0E126B284440060B459 = {
						CreatedOnToolsVersion = 12.5.1;
						ProvisioningStyle = Automatic;
					};
				};
			};
			buildConfigurationList = BA4AD0DD26B284440060B459 /* Build configuration list for PBXProject "Xcode" */;
			compatibilityVersion = "Xcode 8.0";
			developmentRegion = en;
			hasScannedForEncodings = 0;
			knownRegions = (
				en,
				Base,
			);
			mainGroup = BA4AD0D926B284440060B459;
			productRefGroup = BA4AD0E326B284440060B459 /* Products */;
			projectDirPath = "";
			projectRoot = "";
			targets = (
				BA4AD0E126B284440060B459 /* iOS */,
				BA404AC926E1F1D400B2F4E2 /* Mac */,
			);
		};
/* End PBXProject section */

/* Begin PBXResourcesBuildPhase section */
		BA404AC826E1F1D400B2F4E2 /* Resources */ = {
			isa = PBXResourcesBuildPhase;
			buildActionMask = 2147483647;
			files = (
				BA404AEE26E1F9F000B2F4E2 /* Assets.xcassets in Resources */,
			);
			runOnlyForDeploymentPostprocessing = 0;
		};
		BA4AD0E026B284440060B459 /* Resources */ = {
			isa = PBXResourcesBuildPhase;
			buildActionMask = 2147483647;
			files = (
				BA5BDC0D26C60CB700514EDA /* Assets.xcassets in Resources */,
			);
			runOnlyForDeploymentPostprocessing = 0;
		};
/* End PBXResourcesBuildPhase section */

/* Begin PBXSourcesBuildPhase section */
		BA404AC626E1F1D400B2F4E2 /* Sources */ = {
			isa = PBXSourcesBuildPhase;
			buildActionMask = 2147483647;
			files = (
				BA404AD926E1F21000B2F4E2 /* main.cpp in Sources */,
			);
			runOnlyForDeploymentPostprocessing = 0;
		};
		BA4AD0DE26B284440060B459 /* Sources */ = {
			isa = PBXSourcesBuildPhase;
			buildActionMask = 2147483647;
			files = (
				BA4F294C26B28FAC003065CF /* main.cpp in Sources */,
			);
			runOnlyForDeploymentPostprocessing = 0;
		};
/* End PBXSourcesBuildPhase section */

/* Begin XCBuildConfiguration section */
		BA404AD626E1F1D500B2F4E2 /* Debug */ = {
			isa = XCBuildConfiguration;
			buildSettings = {
				ARCHS = x86_64;
				ASSETCATALOG_COMPILER_ALTERNATE_APPICON_NAMES = "";
				ASSETCATALOG_COMPILER_APPICON_NAME = AppIcon;
				ASSETCATALOG_COMPILER_GLOBAL_ACCENT_COLOR_NAME = AccentColor;
				ASSETCATALOG_COMPILER_INCLUDE_ALL_APPICON_ASSETS = YES;
				ASSETCATALOG_COMPILER_LAUNCHIMAGE_NAME = AppIcon;
				ASSETCATALOG_COMPILER_STANDALONE_ICON_BEHAVIOR = all;
				CLANG_CXX_LANGUAGE_STANDARD = "gnu++17";
				CODE_SIGN_ENTITLEMENTS = Mac.entitlements;
				CODE_SIGN_IDENTITY = "-";
				CODE_SIGN_STYLE = Automatic;
				COMBINE_HIDPI_IMAGES = YES;
				CURRENT_PROJECT_VERSION = 1;
				DEVELOPMENT_TEAM = PS823CSMA6;
				ENABLE_APP_SANDBOX = YES;
				ENABLE_HARDENED_RUNTIME = YES;
				ENABLE_USER_SELECTED_FILES = readonly;
				EXCLUDED_ARCHS = "";
				FRAMEWORK_SEARCH_PATHS = (
					"$(inherited)",
					"$(PROJECT_DIR)/deps/MacOS/Frameworks",
				);
				GENERATE_INFOPLIST_FILE = NO;
				HEADER_SEARCH_PATHS = (
					"\"$(SRCROOT)/deps/include/\"",
					/usr/local/include,
				);
				INFOPLIST_FILE = "";
				INFOPLIST_KEY_NSHumanReadableCopyright = "";
				INFOPLIST_KEY_NSPrincipalClass = NSApplication;
				LD_RUNPATH_SEARCH_PATHS = "$(inherited) @executable_path/../Frameworks";
				LIBRARY_SEARCH_PATHS = (
					"$(inherited)",
					"$(PROJECT_DIR)/deps/MacOS/lib",
				);
				MACOSX_DEPLOYMENT_TARGET = 10.9;
				MARKETING_VERSION = 1.0;
				OTHER_CODE_SIGN_FLAGS = "--deep";
				PRODUCT_BUNDLE_IDENTIFIER = com.Lynn.SDL2Stuff.Mac;
				PRODUCT_NAME = "$(TARGET_NAME)";
				SDKROOT = macosx;
				SWIFT_EMIT_LOC_STRINGS = YES;
			};
			name = Debug;
		};
		BA404AD726E1F1D500B2F4E2 /* Release */ = {
			isa = XCBuildConfiguration;
			buildSettings = {
				ARCHS = x86_64;
				ASSETCATALOG_COMPILER_ALTERNATE_APPICON_NAMES = "";
				ASSETCATALOG_COMPILER_APPICON_NAME = AppIcon;
				ASSETCATALOG_COMPILER_GLOBAL_ACCENT_COLOR_NAME = AccentColor;
				ASSETCATALOG_COMPILER_INCLUDE_ALL_APPICON_ASSETS = YES;
				ASSETCATALOG_COMPILER_LAUNCHIMAGE_NAME = AppIcon;
				ASSETCATALOG_COMPILER_STANDALONE_ICON_BEHAVIOR = all;
				CLANG_CXX_LANGUAGE_STANDARD = "gnu++17";
				CODE_SIGN_ENTITLEMENTS = Mac.entitlements;
				CODE_SIGN_IDENTITY = "-";
				CODE_SIGN_STYLE = Automatic;
				COMBINE_HIDPI_IMAGES = YES;
				CURRENT_PROJECT_VERSION = 1;
				DEVELOPMENT_TEAM = PS823CSMA6;
				ENABLE_APP_SANDBOX = YES;
				ENABLE_HARDENED_RUNTIME = YES;
				ENABLE_USER_SELECTED_FILES = readonly;
				EXCLUDED_ARCHS = "";
				FRAMEWORK_SEARCH_PATHS = (
					"$(inherited)",
					"$(PROJECT_DIR)/deps/MacOS/Frameworks",
				);
				GENERATE_INFOPLIST_FILE = NO;
				HEADER_SEARCH_PATHS = (
					"\"$(SRCROOT)/deps/include/\"",
					/usr/local/include,
				);
				INFOPLIST_FILE = "";
				INFOPLIST_KEY_NSHumanReadableCopyright = "";
				INFOPLIST_KEY_NSPrincipalClass = NSApplication;
				LD_RUNPATH_SEARCH_PATHS = "$(inherited) @executable_path/../Frameworks";
				LIBRARY_SEARCH_PATHS = (
					"$(inherited)",
					"$(PROJECT_DIR)/deps/MacOS/lib",
				);
				MACOSX_DEPLOYMENT_TARGET = 10.9;
				MARKETING_VERSION = 1.0;
				OTHER_CODE_SIGN_FLAGS = "--deep";
				PRODUCT_BUNDLE_IDENTIFIER = com.Lynn.SDL2Stuff.Mac;
				PRODUCT_NAME = "$(TARGET_NAME)";
				SDKROOT = macosx;
				SWIFT_EMIT_LOC_STRINGS = YES;
			};
			name = Release;
		};
		BA4AD0F926B284450060B459 /* Debug */ = {
			isa = XCBuildConfiguration;
			buildSettings = {
				ALWAYS_SEARCH_USER_PATHS = NO;
				CLANG_ANALYZER_NONNULL = YES;
				CLANG_ANALYZER_NUMBER_OBJECT_CONVERSION = YES_AGGRESSIVE;
				CLANG_CXX_LANGUAGE_STANDARD = "gnu++17";
				CLANG_CXX_LIBRARY = "libc++";
				CLANG_ENABLE_MODULES = YES;
				CLANG_ENABLE_OBJC_ARC = YES;
				CLANG_ENABLE_OBJC_WEAK = YES;
				CLANG_WARN_BLOCK_CAPTURE_AUTORELEASING = YES;
				CLANG_WARN_BOOL_CONVERSION = YES;
				CLANG_WARN_COMMA = YES;
				CLANG_WARN_CONSTANT_CONVERSION = YES;
				CLANG_WARN_DEPRECATED_OBJC_IMPLEMENTATIONS = YES;
				CLANG_WARN_DIRECT_OBJC_ISA_USAGE = YES_ERROR;
				CLANG_WARN_DOCUMENTATION_COMMENTS = YES;
				CLANG_WARN_EMPTY_BODY = YES;
				CLANG_WARN_ENUM_CONVERSION = YES;
				CLANG_WARN_INFINITE_RECURSION = YES;
				CLANG_WARN_INT_CONVERSION = YES;
				CLANG_WARN_NON_LITERAL_NULL_CONVERSION = YES;
				CLANG_WARN_OBJC_IMPLICIT_RETAIN_SELF = YES;
				CLANG_WARN_OBJC_LITERAL_CONVERSION = YES;
				CLANG_WARN_OBJC_ROOT_CLASS = YES_ERROR;
				CLANG_WARN_QUOTED_INCLUDE_IN_FRAMEWORK_HEADER = YES;
				CLANG_WARN_RANGE_LOOP_ANALYSIS = YES;
				CLANG_WARN_STRICT_PROTOTYPES = YES;
				CLANG_WARN_SUSPICIOUS_MOVE = YES;
				CLANG_WARN_UNGUARDED_AVAILABILITY = YES_AGGRESSIVE;
				CLANG_WARN_UNREACHABLE_CODE = YES;
				CLANG_WARN__DUPLICATE_METHOD_MATCH = YES;
				COPY_PHASE_STRIP = NO;
				DEBUG_INFORMATION_FORMAT = dwarf;
				ENABLE_STRICT_OBJC_MSGSEND = YES;
				ENABLE_TESTABILITY = YES;
				GCC_C_LANGUAGE_STANDARD = gnu11;
				GCC_DYNAMIC_NO_PIC = NO;
				GCC_NO_COMMON_BLOCKS = YES;
				GCC_OPTIMIZATION_LEVEL = 0;
				GCC_PREPROCESSOR_DEFINITIONS = (
					"DEBUG=1",
					"$(inherited)",
				);
				GCC_WARN_64_TO_32_BIT_CONVERSION = YES;
				GCC_WARN_ABOUT_RETURN_TYPE = YES_ERROR;
				GCC_WARN_UNDECLARED_SELECTOR = YES;
				GCC_WARN_UNINITIALIZED_AUTOS = YES_AGGRESSIVE;
				GCC_WARN_UNUSED_FUNCTION = YES;
				GCC_WARN_UNUSED_VARIABLE = YES;
				IPHONEOS_DEPLOYMENT_TARGET = 14.5;
				MACOSX_DEPLOYMENT_TARGET = 10.9;
				MTL_ENABLE_DEBUG_INFO = INCLUDE_SOURCE;
				MTL_FAST_MATH = YES;
				ONLY_ACTIVE_ARCH = YES;
				SDKROOT = iphoneos;
			};
			name = Debug;
		};
		BA4AD0FA26B284450060B459 /* Release */ = {
			isa = XCBuildConfiguration;
			buildSettings = {
				ALWAYS_SEARCH_USER_PATHS = NO;
				CLANG_ANALYZER_NONNULL = YES;
				CLANG_ANALYZER_NUMBER_OBJECT_CONVERSION = YES_AGGRESSIVE;
				CLANG_CXX_LANGUAGE_STANDARD = "gnu++17";
				CLANG_CXX_LIBRARY = "libc++";
				CLANG_ENABLE_MODULES = YES;
				CLANG_ENABLE_OBJC_ARC = YES;
				CLANG_ENABLE_OBJC_WEAK = YES;
				CLANG_WARN_BLOCK_CAPTURE_AUTORELEASING = YES;
				CLANG_WARN_BOOL_CONVERSION = YES;
				CLANG_WARN_COMMA = YES;
				CLANG_WARN_CONSTANT_CONVERSION = YES;
				CLANG_WARN_DEPRECATED_OBJC_IMPLEMENTATIONS = YES;
				CLANG_WARN_DIRECT_OBJC_ISA_USAGE = YES_ERROR;
				CLANG_WARN_DOCUMENTATION_COMMENTS = YES;
				CLANG_WARN_EMPTY_BODY = YES;
				CLANG_WARN_ENUM_CONVERSION = YES;
				CLANG_WARN_INFINITE_RECURSION = YES;
				CLANG_WARN_INT_CONVERSION = YES;
				CLANG_WARN_NON_LITERAL_NULL_CONVERSION = YES;
				CLANG_WARN_OBJC_IMPLICIT_RETAIN_SELF = YES;
				CLANG_WARN_OBJC_LITERAL_CONVERSION = YES;
				CLANG_WARN_OBJC_ROOT_CLASS = YES_ERROR;
				CLANG_WARN_QUOTED_INCLUDE_IN_FRAMEWORK_HEADER = YES;
				CLANG_WARN_RANGE_LOOP_ANALYSIS = YES;
				CLANG_WARN_STRICT_PROTOTYPES = YES;
				CLANG_WARN_SUSPICIOUS_MOVE = YES;
				CLANG_WARN_UNGUARDED_AVAILABILITY = YES_AGGRESSIVE;
				CLANG_WARN_UNREACHABLE_CODE = YES;
				CLANG_WARN__DUPLICATE_METHOD_MATCH = YES;
				COPY_PHASE_STRIP = NO;
				DEBUG_INFORMATION_FORMAT = "dwarf-with-dsym";
				ENABLE_NS_ASSERTIONS = NO;
				ENABLE_STRICT_OBJC_MSGSEND = YES;
				GCC_C_LANGUAGE_STANDARD = gnu11;
				GCC_NO_COMMON_BLOCKS = YES;
				GCC_WARN_64_TO_32_BIT_CONVERSION = YES;
				GCC_WARN_ABOUT_RETURN_TYPE = YES_ERROR;
				GCC_WARN_UNDECLARED_SELECTOR = YES;
				GCC_WARN_UNINITIALIZED_AUTOS = YES_AGGRESSIVE;
				GCC_WARN_UNUSED_FUNCTION = YES;
				GCC_WARN_UNUSED_VARIABLE = YES;
				IPHONEOS_DEPLOYMENT_TARGET = 14.5;
				MACOSX_DEPLOYMENT_TARGET = 10.9;
				MTL_ENABLE_DEBUG_INFO = NO;
				MTL_FAST_MATH = YES;
				SDKROOT = iphoneos;
				VALIDATE_PRODUCT = YES;
			};
			name = Release;
		};
		BA4AD0FC26B284450060B459 /* Debug */ = {
			isa = XCBuildConfiguration;
			buildSettings = {
				ASSETCATALOG_COMPILER_APPICON_NAME = AppIcon;
				ASSETCATALOG_COMPILER_GLOBAL_ACCENT_COLOR_NAME = AccentColor;
				ASSETCATALOG_COMPILER_INCLUDE_ALL_APPICON_ASSETS = YES;
				CLANG_CXX_LANGUAGE_STANDARD = "compiler-default";
				CLANG_CXX_LIBRARY = "compiler-default";
				CODE_SIGN_STYLE = Automatic;
				DEVELOPMENT_TEAM = PS823CSMA6;
				ENABLE_BITCODE = NO;
				GCC_C_LANGUAGE_STANDARD = "compiler-default";
				HEADER_SEARCH_PATHS = (
					"$(PROJECT_DIR)/deps/iOS/include",
					"$(PROJECT_DIR)/deps/include",
				);
				INFOPLIST_FILE = deps/iOS/Info.plist;
				IPHONEOS_DEPLOYMENT_TARGET = 9.0;
				LD_RUNPATH_SEARCH_PATHS = "$(inherited) @executable_path/Frameworks";
				LIBRARY_SEARCH_PATHS = (
					"$(inherited)",
					"$(PROJECT_DIR)/deps/iOS/lib",
				);
				PRODUCT_BUNDLE_IDENTIFIER = com.Lynn.SDL2Stuff.iOS;
				PRODUCT_NAME = "$(TARGET_NAME)";
				TARGETED_DEVICE_FAMILY = "1,2";
			};
			name = Debug;
		};
		BA4AD0FD26B284450060B459 /* Release */ = {
			isa = XCBuildConfiguration;
			buildSettings = {
				ASSETCATALOG_COMPILER_APPICON_NAME = AppIcon;
				ASSETCATALOG_COMPILER_GLOBAL_ACCENT_COLOR_NAME = AccentColor;
				ASSETCATALOG_COMPILER_INCLUDE_ALL_APPICON_ASSETS = YES;
				CLANG_CXX_LANGUAGE_STANDARD = "compiler-default";
				CLANG_CXX_LIBRARY = "compiler-default";
				CODE_SIGN_STYLE = Automatic;
				DEVELOPMENT_TEAM = PS823CSMA6;
				ENABLE_BITCODE = NO;
				GCC_C_LANGUAGE_STANDARD = "compiler-default";
				HEADER_SEARCH_PATHS = (
					"$(PROJECT_DIR)/deps/iOS/include",
					"$(PROJECT_DIR)/deps/include",
				);
				INFOPLIST_FILE = deps/iOS/Info.plist;
				IPHONEOS_DEPLOYMENT_TARGET = 9.0;
				LD_RUNPATH_SEARCH_PATHS = "$(inherited) @executable_path/Frameworks";
				LIBRARY_SEARCH_PATHS = (
					"$(inherited)",
					"$(PROJECT_DIR)/deps/iOS/lib",
				);
				PRODUCT_BUNDLE_IDENTIFIER = com.Lynn.SDL2Stuff.iOS;
				PRODUCT_NAME = "$(TARGET_NAME)";
				TARGETED_DEVICE_FAMILY = "1,2";
			};
			name = Release;
		};
/* End XCBuildConfiguration section */

/* Begin XCConfigurationList section */
		BA404AD826E1F1D500B2F4E2 /* Build configuration list for PBXNativeTarget "Mac" */ = {
			isa = XCConfigurationList;
			buildConfigurations = (
				BA404AD626E1F1D500B2F4E2 /* Debug */,
				BA404AD726E1F1D500B2F4E2 /* Release */,
			);
			defaultConfigurationIsVisible = 0;
			defaultConfigurationName = Release;
		};
		BA4AD0DD26B284440060B459 /* Build configuration list for PBXProject "Xcode" */ = {
			isa = XCConfigurationList;
			buildConfigurations = (
				BA4AD0F926B284450060B459 /* Debug */,
				BA4AD0FA26B284450060B459 /* Release */,
			);
			defaultConfigurationIsVisible = 0;
			defaultConfigurationName = Release;
		};
		BA4AD0FB26B284450060B459 /* Build configuration list for PBXNativeTarget "iOS" */ = {
			isa = XCConfigurationList;
			buildConfigurations = (
				BA4AD0FC26B284450060B459 /* Debug */,
				BA4AD0FD26B284450060B459 /* Release */,
			);
			defaultConfigurationIsVisible = 0;
			defaultConfigurationName = Release;
		};
/* End XCConfigurationList section */
	};
	rootObject = BA4AD0DA26B284440060B459 /* Project object */;
}
